
Microsoft Visual Studio Solution File, Format Version 12.00
# Visual Studio Version 17
VisualStudioVersion = 17.14.36327.8
MinimumVisualStudioVersion = 10.0.40219.1
Project("{2150E333-8FDC-42A3-9474-1A3956D46DE8}") = "source", "source", "{02EA681E-C7D8-13C7-8484-4AC65E1B71E8}"
EndProject
Project("{2150E333-8FDC-42A3-9474-1A3956D46DE8}") = "modules", "modules", "{07085B81-3E59-4022-B81F-17EE3DF289F2}"
EndProject
Project("{2150E333-8FDC-42A3-9474-1A3956D46DE8}") = "common", "common", "{024BA262-4720-483E-8087-AA2CAE733950}"
EndProject
Project("{2150E333-8FDC-42A3-9474-1A3956D46DE8}") = "presentation", "presentation", "{B5CD8409-21A4-4D9B-BE16-CD34AFCB58FD}"
EndProject
Project("{FAE04EC0-301F-11D3-BF4B-00C04F79EFBC}") = "Chat.Common", "Chat.Common\Chat.Common.csproj", "{B4E8A67D-2B76-4767-80AF-7354F9DE901B}"
EndProject
Project("{FAE04EC0-301F-11D3-BF4B-00C04F79EFBC}") = "Chat.Application", "Chat.Application\Chat.Application.csproj", "{EBA26B1D-C084-4677-9F45-6455A2FBF6F2}"
EndProject
Project("{FAE04EC0-301F-11D3-BF4B-00C04F79EFBC}") = "Chat.Domain", "Chat.Domain\Chat.Domain.csproj", "{855F38D0-C0F6-4533-A198-FA23E5A8C87A}"
EndProject
Project("{FAE04EC0-301F-11D3-BF4B-00C04F79EFBC}") = "Chat.ModuleShared", "Chat.ModuleShared\Chat.ModuleShared.csproj", "{768AD2CB-2D42-47C0-979E-6676E1D9B73A}"
EndProject
Project("{FAE04EC0-301F-11D3-BF4B-00C04F79EFBC}") = "Chat.Persistence", "Chat.Persistence\Chat.Persistence.csproj", "{E23D0C5B-3B87-4F36-86CF-457A55607059}"
EndProject
Project("{FAE04EC0-301F-11D3-BF4B-00C04F79EFBC}") = "Chat.API", "Chat.API\Chat.API.csproj", "{805FD27B-E16E-4E43-9406-B625D60A2419}"
EndProject
Global
	GlobalSection(SolutionConfigurationPlatforms) = preSolution
		Debug|Any CPU = Debug|Any CPU
		Release|Any CPU = Release|Any CPU
	EndGlobalSection
	GlobalSection(ProjectConfigurationPlatforms) = postSolution
		{B4E8A67D-2B76-4767-80AF-7354F9DE901B}.Debug|Any CPU.ActiveCfg = Debug|Any CPU
		{B4E8A67D-2B76-4767-80AF-7354F9DE901B}.Debug|Any CPU.Build.0 = Debug|Any CPU
		{B4E8A67D-2B76-4767-80AF-7354F9DE901B}.Release|Any CPU.ActiveCfg = Release|Any CPU
		{B4E8A67D-2B76-4767-80AF-7354F9DE901B}.Release|Any CPU.Build.0 = Release|Any CPU
		{EBA26B1D-C084-4677-9F45-6455A2FBF6F2}.Debug|Any CPU.ActiveCfg = Debug|Any CPU
		{EBA26B1D-C084-4677-9F45-6455A2FBF6F2}.Debug|Any CPU.Build.0 = Debug|Any CPU
		{EBA26B1D-C084-4677-9F45-6455A2FBF6F2}.Release|Any CPU.ActiveCfg = Release|Any CPU
		{EBA26B1D-C084-4677-9F45-6455A2FBF6F2}.Release|Any CPU.Build.0 = Release|Any CPU
		{855F38D0-C0F6-4533-A198-FA23E5A8C87A}.Debug|Any CPU.ActiveCfg = Debug|Any CPU
		{855F38D0-C0F6-4533-A198-FA23E5A8C87A}.Debug|Any CPU.Build.0 = Debug|Any CPU
		{855F38D0-C0F6-4533-A198-FA23E5A8C87A}.Release|Any CPU.ActiveCfg = Release|Any CPU
		{855F38D0-C0F6-4533-A198-FA23E5A8C87A}.Release|Any CPU.Build.0 = Release|Any CPU
		{768AD2CB-2D42-47C0-979E-6676E1D9B73A}.Debug|Any CPU.ActiveCfg = Debug|Any CPU
		{768AD2CB-2D42-47C0-979E-6676E1D9B73A}.Debug|Any CPU.Build.0 = Debug|Any CPU
		{768AD2CB-2D42-47C0-979E-6676E1D9B73A}.Release|Any CPU.ActiveCfg = Release|Any CPU
		{768AD2CB-2D42-47C0-979E-6676E1D9B73A}.Release|Any CPU.Build.0 = Release|Any CPU
		{E23D0C5B-3B87-4F36-86CF-457A55607059}.Debug|Any CPU.ActiveCfg = Debug|Any CPU
		{E23D0C5B-3B87-4F36-86CF-457A55607059}.Debug|Any CPU.Build.0 = Debug|Any CPU
		{E23D0C5B-3B87-4F36-86CF-457A55607059}.Release|Any CPU.ActiveCfg = Release|Any CPU
		{E23D0C5B-3B87-4F36-86CF-457A55607059}.Release|Any CPU.Build.0 = Release|Any CPU
		{805FD27B-E16E-4E43-9406-B625D60A2419}.Debug|Any CPU.ActiveCfg = Debug|Any CPU
		{805FD27B-E16E-4E43-9406-B625D60A2419}.Debug|Any CPU.Build.0 = Debug|Any CPU
		{805FD27B-E16E-4E43-9406-B625D60A2419}.Release|Any CPU.ActiveCfg = Release|Any CPU
		{805FD27B-E16E-4E43-9406-B625D60A2419}.Release|Any CPU.Build.0 = Release|Any CPU
	EndGlobalSection
	GlobalSection(SolutionProperties) = preSolution
		HideSolutionNode = FALSE
	EndGlobalSection
	GlobalSection(NestedProjects) = preSolution
		{07085B81-3E59-4022-B81F-17EE3DF289F2} = {02EA681E-C7D8-13C7-8484-4AC65E1B71E8}
		{024BA262-4720-483E-8087-AA2CAE733950} = {02EA681E-C7D8-13C7-8484-4AC65E1B71E8}
		{B5CD8409-21A4-4D9B-BE16-CD34AFCB58FD} = {02EA681E-C7D8-13C7-8484-4AC65E1B71E8}
		{B4E8A67D-2B76-4767-80AF-7354F9DE901B} = {024BA262-4720-483E-8087-AA2CAE733950}
		{EBA26B1D-C084-4677-9F45-6455A2FBF6F2} = {07085B81-3E59-4022-B81F-17EE3DF289F2}
		{855F38D0-C0F6-4533-A198-FA23E5A8C87A} = {07085B81-3E59-4022-B81F-17EE3DF289F2}
		{768AD2CB-2D42-47C0-979E-6676E1D9B73A} = {07085B81-3E59-4022-B81F-17EE3DF289F2}
		{E23D0C5B-3B87-4F36-86CF-457A55607059} = {07085B81-3E59-4022-B81F-17EE3DF289F2}
		{805FD27B-E16E-4E43-9406-B625D60A2419} = {B5CD8409-21A4-4D9B-BE16-CD34AFCB58FD}
	EndGlobalSection
	GlobalSection(ExtensibilityGlobals) = postSolution
		SolutionGuid = {E561AF8B-AE33-44CA-845E-C0B1B13E26AF}
	EndGlobalSection
EndGlobal
